
Microsoft Visual Studio Solution File, Format Version 12.00
# Visual Studio Version 17
VisualStudioVersion = 17.0.32126.317
MinimumVisualStudioVersion = 10.0.40219.1
Project("{FAE04EC0-301F-11D3-BF4B-00C04F79EFBC}") = "ContactApp", "ContactApp.csproj", "{A2F031DF-8C40-49F9-A5FD-5C833FFB85BB}"
EndProject
Global
	GlobalSection(SolutionConfigurationPlatforms) = preSolution
		Debug|Any CPU = Debug|Any CPU
		Release|Any CPU = Release|Any CPU
	EndGlobalSection
	GlobalSection(ProjectConfigurationPlatforms) = postSolution
		{A2F031DF-8C40-49F9-A5FD-5C833FFB85BB}.Debug|Any CPU.ActiveCfg = Debug|Any CPU
		{A2F031DF-8C40-49F9-A5FD-5C833FFB85BB}.Debug|Any CPU.Build.0 = Debug|Any CPU
		{A2F031DF-8C40-49F9-A5FD-5C833FFB85BB}.Release|Any CPU.ActiveCfg = Release|Any CPU
		{A2F031DF-8C40-49F9-A5FD-5C833FFB85BB}.Release|Any CPU.Build.0 = Release|Any CPU
	EndGlobalSection
	GlobalSection(SolutionProperties) = preSolution
		HideSolutionNode = FALSE
	EndGlobalSection
	GlobalSection(ExtensibilityGlobals) = postSolution
		SolutionGuid = {52689FE1-E01A-4514-84B2-9CF00F4BA8A0}
	EndGlobalSection
EndGlobal
