
Microsoft Visual Studio Solution File, Format Version 12.00
# Visual Studio Version 17
VisualStudioVersion = 17.0.32126.317
MinimumVisualStudioVersion = 10.0.40219.1
Project("{FAE04EC0-301F-11D3-BF4B-00C04F79EFBC}") = "Test", "Test.csproj", "{5A789E43-D9BA-421D-873C-0EF73B125445}"
EndProject
Global
	GlobalSection(SolutionConfigurationPlatforms) = preSolution
		Debug|Any CPU = Debug|Any CPU
		Release|Any CPU = Release|Any CPU
	EndGlobalSection
	GlobalSection(ProjectConfigurationPlatforms) = postSolution
		{5A789E43-D9BA-421D-873C-0EF73B125445}.Debug|Any CPU.ActiveCfg = Debug|Any CPU
		{5A789E43-D9BA-421D-873C-0EF73B125445}.Debug|Any CPU.Build.0 = Debug|Any CPU
		{5A789E43-D9BA-421D-873C-0EF73B125445}.Release|Any CPU.ActiveCfg = Release|Any CPU
		{5A789E43-D9BA-421D-873C-0EF73B125445}.Release|Any CPU.Build.0 = Release|Any CPU
	EndGlobalSection
	GlobalSection(SolutionProperties) = preSolution
		HideSolutionNode = FALSE
	EndGlobalSection
	GlobalSection(ExtensibilityGlobals) = postSolution
		SolutionGuid = {27482135-F7B9-4C50-8262-39FD90C152A8}
	EndGlobalSection
EndGlobal
